# This file is automatically @generated by Cargo.
# It is not intended for manual editing.
version = 4

[[package]]
name = "amxdbg"
version = "0.1.0"

[[package]]
name = "dap-adapter"
version = "0.1.0"
dependencies = [
 "amxdbg",
]

[[package]]
name = "debug-plugin"
version = "0.1.0"
dependencies = [
 "amxdbg",
]
